// !$*UTF8*$!
{
	archiveVersion = 1;
	classes = {
	};
	objectVersion = 46;
	objects = {

/* Begin PBXBuildFile section */
		17727E371F36BB9C00749368 /* AppDelegate.swift in Sources */ = {isa = PBXBuildFile; fileRef = 17727E361F36BB9C00749368 /* AppDelegate.swift */; };
		17727E391F36BB9C00749368 /* ViewController.swift in Sources */ = {isa = PBXBuildFile; fileRef = 17727E381F36BB9C00749368 /* ViewController.swift */; };
		17727E3C1F36BB9C00749368 /* Main.storyboard in Resources */ = {isa = PBXBuildFile; fileRef = 17727E3A1F36BB9C00749368 /* Main.storyboard */; };
		17727E3E1F36BB9C00749368 /* Assets.xcassets in Resources */ = {isa = PBXBuildFile; fileRef = 17727E3D1F36BB9C00749368 /* Assets.xcassets */; };
		17727E411F36BB9C00749368 /* LaunchScreen.storyboard in Resources */ = {isa = PBXBuildFile; fileRef = 17727E3F1F36BB9C00749368 /* LaunchScreen.storyboard */; };
/* End PBXBuildFile section */

/* Begin PBXFileReference section */
		17727E331F36BB9C00749368 /* L11_Local_Notifications.app */ = {isa = PBXFileReference; explicitFileType = wrapper.application; includeInIndex = 0; path = L11_Local_Notifications.app; sourceTree = BUILT_PRODUCTS_DIR; };
		17727E361F36BB9C00749368 /* AppDelegate.swift */ = {isa = PBXFileReference; lastKnownFileType = sourcecode.swift; path = AppDelegate.swift; sourceTree = "<group>"; };
		17727E381F36BB9C00749368 /* ViewController.swift */ = {isa = PBXFileReference; lastKnownFileType = sourcecode.swift; path = ViewController.swift; sourceTree = "<group>"; };
		17727E3B1F36BB9C00749368 /* Base */ = {isa = PBXFileReference; lastKnownFileType = file.storyboard; name = Base; path = Base.lproj/Main.storyboard; sourceTree = "<group>"; };
		17727E3D1F36BB9C00749368 /* Assets.xcassets */ = {isa = PBXFileReference; lastKnownFileType = folder.assetcatalog; path = Assets.xcassets; sourceTree = "<group>"; };
		17727E401F36BB9C00749368 /* Base */ = {isa = PBXFileReference; lastKnownFileType = file.storyboard; name = Base; path = Base.lproj/LaunchScreen.storyboard; sourceTree = "<group>"; };
		17727E421F36BB9C00749368 /* Info.plist */ = {isa = PBXFileReference; lastKnownFileType = text.plist.xml; path = Info.plist; sourceTree = "<group>"; };
/* End PBXFileReference section */

/* Begin PBXFrameworksBuildPhase section */
		17727E301F36BB9C00749368 /* Frameworks */ = {
			isa = PBXFrameworksBuildPhase;
			buildActionMask = 2147483647;
			files = (
			);
			runOnlyForDeploymentPostprocessing = 0;
		};
/* End PBXFrameworksBuildPhase section */

/* Begin PBXGroup section */
		17727E2A1F36BB9C00749368 = {
			isa = PBXGroup;
			children = (
				17727E351F36BB9C00749368 /* L11_Local_Notifications */,
				17727E341F36BB9C00749368 /* Products */,
			);
			sourceTree = "<group>";
		};
		17727E341F36BB9C00749368 /* Products */ = {
			isa = PBXGroup;
			children = (
				17727E331F36BB9C00749368 /* L11_Local_Notifications.app */,
			);
			name = Products;
			sourceTree = "<group>";
		};
		17727E351F36BB9C00749368 /* L11_Local_Notifications */ = {
			isa = PBXGroup;
			children = (
				17727E361F36BB9C00749368 /* AppDelegate.swift */,
				17727E381F36BB9C00749368 /* ViewController.swift */,
				17727E3A1F36BB9C00749368 /* Main.storyboard */,
				17727E3D1F36BB9C00749368 /* Assets.xcassets */,
				17727E3F1F36BB9C00749368 /* LaunchScreen.storyboard */,
				17727E421F36BB9C00749368 /* Info.plist */,
			);
			path = L11_Local_Notifications;
			sourceTree = "<group>";
		};
/* End PBXGroup section */

/* Begin PBXNativeTarget section */
		17727E321F36BB9C00749368 /* L11_Local_Notifications */ = {
			isa = PBXNativeTarget;
			buildConfigurationList = 17727E451F36BB9C00749368 /* Build configuration list for PBXNativeTarget "L11_Local_Notifications" */;
			buildPhases = (
				17727E2F1F36BB9C00749368 /* Sources */,
				17727E301F36BB9C00749368 /* Frameworks */,
				17727E311F36BB9C00749368 /* Resources */,
			);
			buildRules = (
			);
			dependencies = (
			);
			name = L11_Local_Notifications;
			productName = L11_Local_Notifications;
			productReference = 17727E331F36BB9C00749368 /* L11_Local_Notifications.app */;
			productType = "com.apple.product-type.application";
		};
/* End PBXNativeTarget section */

/* Begin PBXProject section */
		17727E2B1F36BB9C00749368 /* Project object */ = {
			isa = PBXProject;
			attributes = {
				LastSwiftUpdateCheck = 0830;
				LastUpgradeCheck = 0830;
				ORGANIZATIONNAME = bws2007;
				TargetAttributes = {
					17727E321F36BB9C00749368 = {
						CreatedOnToolsVersion = 8.3.3;
						ProvisioningStyle = Automatic;
					};
				};
			};
			buildConfigurationList = 17727E2E1F36BB9C00749368 /* Build configuration list for PBXProject "L11_Local_Notifications" */;
			compatibilityVersion = "Xcode 3.2";
			developmentRegion = English;
			hasScannedForEncodings = 0;
			knownRegions = (
				en,
				Base,
			);
			mainGroup = 17727E2A1F36BB9C00749368;
			productRefGroup = 17727E341F36BB9C00749368 /* Products */;
			projectDirPath = "";
			projectRoot = "";
			targets = (
				17727E321F36BB9C00749368 /* L11_Local_Notifications */,
			);
		};
/* End PBXProject section */

/* Begin PBXResourcesBuildPhase section */
		17727E311F36BB9C00749368 /* Resources */ = {
			isa = PBXResourcesBuildPhase;
			buildActionMask = 2147483647;
			files = (
				17727E411F36BB9C00749368 /* LaunchScreen.storyboard in Resources */,
				17727E3E1F36BB9C00749368 /* Assets.xcassets in Resources */,
				17727E3C1F36BB9C00749368 /* Main.storyboard in Resources */,
			);
			runOnlyForDeploymentPostprocessing = 0;
		};
/* End PBXResourcesBuildPhase section */

/* Begin PBXSourcesBuildPhase section */
		17727E2F1F36BB9C00749368 /* Sources */ = {
			isa = PBXSourcesBuildPhase;
			buildActionMask = 2147483647;
			files = (
				17727E391F36BB9C00749368 /* ViewController.swift in Sources */,
				17727E371F36BB9C00749368 /* AppDelegate.swift in Sources */,
			);
			runOnlyForDeploymentPostprocessing = 0;
		};
/* End PBXSourcesBuildPhase section */

/* Begin PBXVariantGroup section */
		17727E3A1F36BB9C00749368 /* Main.storyboard */ = {
			isa = PBXVariantGroup;
			children = (
				17727E3B1F36BB9C00749368 /* Base */,
			);
			name = Main.storyboard;
			sourceTree = "<group>";
		};
		17727E3F1F36BB9C00749368 /* LaunchScreen.storyboard */ = {
			isa = PBXVariantGroup;
			children = (
				17727E401F36BB9C00749368 /* Base */,
			);
			name = LaunchScreen.storyboard;
			sourceTree = "<group>";
		};
/* End PBXVariantGroup section */

/* Begin XCBuildConfiguration section */
		17727E431F36BB9C00749368 /* Debug */ = {
			isa = XCBuildConfiguration;
			buildSettings = {
				ALWAYS_SEARCH_USER_PATHS = NO;
				CLANG_ANALYZER_NONNULL = YES;
				CLANG_ANALYZER_NUMBER_OBJECT_CONVERSION = YES_AGGRESSIVE;
				CLANG_CXX_LANGUAGE_STANDARD = "gnu++0x";
				CLANG_CXX_LIBRARY = "libc++";
				CLANG_ENABLE_MODULES = YES;
				CLANG_ENABLE_OBJC_ARC = YES;
				CLANG_WARN_BOOL_CONVERSION = YES;
				CLANG_WARN_CONSTANT_CONVERSION = YES;
				CLANG_WARN_DIRECT_OBJC_ISA_USAGE = YES_ERROR;
				CLANG_WARN_DOCUMENTATION_COMMENTS = YES;
				CLANG_WARN_EMPTY_BODY = YES;
				CLANG_WARN_ENUM_CONVERSION = YES;
				CLANG_WARN_INFINITE_RECURSION = YES;
				CLANG_WARN_INT_CONVERSION = YES;
				CLANG_WARN_OBJC_ROOT_CLASS = YES_ERROR;
				CLANG_WARN_SUSPICIOUS_MOVE = YES;
				CLANG_WARN_UNREACHABLE_CODE = YES;
				CLANG_WARN__DUPLICATE_METHOD_MATCH = YES;
				"CODE_SIGN_IDENTITY[sdk=iphoneos*]" = "iPhone Developer";
				COPY_PHASE_STRIP = NO;
				DEBUG_INFORMATION_FORMAT = dwarf;
				ENABLE_STRICT_OBJC_MSGSEND = YES;
				ENABLE_TESTABILITY = YES;
				GCC_C_LANGUAGE_STANDARD = gnu99;
				GCC_DYNAMIC_NO_PIC = NO;
				GCC_NO_COMMON_BLOCKS = YES;
				GCC_OPTIMIZATION_LEVEL = 0;
				GCC_PREPROCESSOR_DEFINITIONS = (
					"DEBUG=1",
					"$(inherited)",
				);
				GCC_WARN_64_TO_32_BIT_CONVERSION = YES;
				GCC_WARN_ABOUT_RETURN_TYPE = YES_ERROR;
				GCC_WARN_UNDECLARED_SELECTOR = YES;
				GCC_WARN_UNINITIALIZED_AUTOS = YES_AGGRESSIVE;
				GCC_WARN_UNUSED_FUNCTION = YES;
				GCC_WARN_UNUSED_VARIABLE = YES;
				IPHONEOS_DEPLOYMENT_TARGET = 10.3;
				MTL_ENABLE_DEBUG_INFO = YES;
				ONLY_ACTIVE_ARCH = YES;
				SDKROOT = iphoneos;
				SWIFT_ACTIVE_COMPILATION_CONDITIONS = DEBUG;
				SWIFT_OPTIMIZATION_LEVEL = "-Onone";
			};
			name = Debug;
		};
		17727E441F36BB9C00749368 /* Release */ = {
			isa = XCBuildConfiguration;
			buildSettings = {
				ALWAYS_SEARCH_USER_PATHS = NO;
				CLANG_ANALYZER_NONNULL = YES;
				CLANG_ANALYZER_NUMBER_OBJECT_CONVERSION = YES_AGGRESSIVE;
				CLANG_CXX_LANGUAGE_STANDARD = "gnu++0x";
				CLANG_CXX_LIBRARY = "libc++";
				CLANG_ENABLE_MODULES = YES;
				CLANG_ENABLE_OBJC_ARC = YES;
				CLANG_WARN_BOOL_CONVERSION = YES;
				CLANG_WARN_CONSTANT_CONVERSION = YES;
				CLANG_WARN_DIRECT_OBJC_ISA_USAGE = YES_ERROR;
				CLANG_WARN_DOCUMENTATION_COMMENTS = YES;
				CLANG_WARN_EMPTY_BODY = YES;
				CLANG_WARN_ENUM_CONVERSION = YES;
				CLANG_WARN_INFINITE_RECURSION = YES;
				CLANG_WARN_INT_CONVERSION = YES;
				CLANG_WARN_OBJC_ROOT_CLASS = YES_ERROR;
				CLANG_WARN_SUSPICIOUS_MOVE = YES;
				CLANG_WARN_UNREACHABLE_CODE = YES;
				CLANG_WARN__DUPLICATE_METHOD_MATCH = YES;
				"CODE_SIGN_IDENTITY[sdk=iphoneos*]" = "iPhone Developer";
				COPY_PHASE_STRIP = NO;
				DEBUG_INFORMATION_FORMAT = "dwarf-with-dsym";
				ENABLE_NS_ASSERTIONS = NO;
				ENABLE_STRICT_OBJC_MSGSEND = YES;
				GCC_C_LANGUAGE_STANDARD = gnu99;
				GCC_NO_COMMON_BLOCKS = YES;
				GCC_WARN_64_TO_32_BIT_CONVERSION = YES;
				GCC_WARN_ABOUT_RETURN_TYPE = YES_ERROR;
				GCC_WARN_UNDECLARED_SELECTOR = YES;
				GCC_WARN_UNINITIALIZED_AUTOS = YES_AGGRESSIVE;
				GCC_WARN_UNUSED_FUNCTION = YES;
				GCC_WARN_UNUSED_VARIABLE = YES;
				IPHONEOS_DEPLOYMENT_TARGET = 10.3;
				MTL_ENABLE_DEBUG_INFO = NO;
				SDKROOT = iphoneos;
				SWIFT_OPTIMIZATION_LEVEL = "-Owholemodule";
				VALIDATE_PRODUCT = YES;
			};
			name = Release;
		};
		17727E461F36BB9C00749368 /* Debug */ = {
			isa = XCBuildConfiguration;
			buildSettings = {
				ASSETCATALOG_COMPILER_APPICON_NAME = AppIcon;
				INFOPLIST_FILE = L11_Local_Notifications/Info.plist;
				LD_RUNPATH_SEARCH_PATHS = "$(inherited) @executable_path/Frameworks";
				PRODUCT_BUNDLE_IDENTIFIER = "bws2007.L11-Local-Notifications";
				PRODUCT_NAME = "$(TARGET_NAME)";
				SWIFT_VERSION = 3.0;
			};
			name = Debug;
		};
		17727E471F36BB9C00749368 /* Release */ = {
			isa = XCBuildConfiguration;
			buildSettings = {
				ASSETCATALOG_COMPILER_APPICON_NAME = AppIcon;
				INFOPLIST_FILE = L11_Local_Notifications/Info.plist;
				LD_RUNPATH_SEARCH_PATHS = "$(inherited) @executable_path/Frameworks";
				PRODUCT_BUNDLE_IDENTIFIER = "bws2007.L11-Local-Notifications";
				PRODUCT_NAME = "$(TARGET_NAME)";
				SWIFT_VERSION = 3.0;
			};
			name = Release;
		};
/* End XCBuildConfiguration section */

/* Begin XCConfigurationList section */
		17727E2E1F36BB9C00749368 /* Build configuration list for PBXProject "L11_Local_Notifications" */ = {
			isa = XCConfigurationList;
			buildConfigurations = (
				17727E431F36BB9C00749368 /* Debug */,
				17727E441F36BB9C00749368 /* Release */,
			);
			defaultConfigurationIsVisible = 0;
			defaultConfigurationName = Release;
		};
		17727E451F36BB9C00749368 /* Build configuration list for PBXNativeTarget "L11_Local_Notifications" */ = {
			isa = XCConfigurationList;
			buildConfigurations = (
				17727E461F36BB9C00749368 /* Debug */,
				17727E471F36BB9C00749368 /* Release */,
			);
			defaultConfigurationIsVisible = 0;
		};
/* End XCConfigurationList section */
	};
	rootObject = 17727E2B1F36BB9C00749368 /* Project object */;
}
